
Microsoft Visual Studio Solution File, Format Version 12.00
# Visual Studio Version 17
VisualStudioVersion = 17.12.35521.163 d17.12
MinimumVisualStudioVersion = 10.0.40219.1
Project("{FAE04EC0-301F-11D3-BF4B-00C04F79EFBC}") = "Military", "Military.csproj", "{E548780A-B0AC-46B9-AB21-B3BFBA055A8C}"
EndProject
Global
	GlobalSection(SolutionConfigurationPlatforms) = preSolution
		Debug|Any CPU = Debug|Any CPU
		Release|Any CPU = Release|Any CPU
	EndGlobalSection
	GlobalSection(ProjectConfigurationPlatforms) = postSolution
		{E548780A-B0AC-46B9-AB21-B3BFBA055A8C}.Debug|Any CPU.ActiveCfg = Debug|Any CPU
		{E548780A-B0AC-46B9-AB21-B3BFBA055A8C}.Debug|Any CPU.Build.0 = Debug|Any CPU
		{E548780A-B0AC-46B9-AB21-B3BFBA055A8C}.Release|Any CPU.ActiveCfg = Release|Any CPU
		{E548780A-B0AC-46B9-AB21-B3BFBA055A8C}.Release|Any CPU.Build.0 = Release|Any CPU
	EndGlobalSection
	GlobalSection(SolutionProperties) = preSolution
		HideSolutionNode = FALSE
	EndGlobalSection
EndGlobal
